// !$*UTF8*$!
{
	archiveVersion = 1;
	classes = {
	};
	objectVersion = 55;
	objects = {

/* Begin PBXBuildFile section */
		7C024B2B2974F25800D25F9A /* SocialLoginViewController.swift in Sources */ = {isa = PBXBuildFile; fileRef = 7C024B2A2974F25800D25F9A /* SocialLoginViewController.swift */; };
		7C024B3129755F3500D25F9A /* CustomSplashViewController.swift in Sources */ = {isa = PBXBuildFile; fileRef = 7C024B3029755F3500D25F9A /* CustomSplashViewController.swift */; };
		7C024B34297561E700D25F9A /* cookBook.json in Resources */ = {isa = PBXBuildFile; fileRef = 7C024B33297561E700D25F9A /* cookBook.json */; };
		7C024B362975986100D25F9A /* CustomTabBarController.swift in Sources */ = {isa = PBXBuildFile; fileRef = 7C024B352975986100D25F9A /* CustomTabBarController.swift */; };
		7C0E890528902F1300A781B5 /* UserModel.swift in Sources */ = {isa = PBXBuildFile; fileRef = 7C0E890428902F1300A781B5 /* UserModel.swift */; };
		7C18F7D0287839EE00362F9B /* AppDelegate.swift in Sources */ = {isa = PBXBuildFile; fileRef = 7C18F7CF287839EE00362F9B /* AppDelegate.swift */; };
		7C18F7D2287839EE00362F9B /* SceneDelegate.swift in Sources */ = {isa = PBXBuildFile; fileRef = 7C18F7D1287839EE00362F9B /* SceneDelegate.swift */; };
		7C18F7D4287839EE00362F9B /* HomeViewController.swift in Sources */ = {isa = PBXBuildFile; fileRef = 7C18F7D3287839EE00362F9B /* HomeViewController.swift */; };
		7C18F7D7287839EE00362F9B /* Main.storyboard in Resources */ = {isa = PBXBuildFile; fileRef = 7C18F7D5287839EE00362F9B /* Main.storyboard */; };
		7C18F7D9287839EE00362F9B /* Assets.xcassets in Resources */ = {isa = PBXBuildFile; fileRef = 7C18F7D8287839EE00362F9B /* Assets.xcassets */; };
		7C18F7DC287839EE00362F9B /* LaunchScreen.storyboard in Resources */ = {isa = PBXBuildFile; fileRef = 7C18F7DA287839EE00362F9B /* LaunchScreen.storyboard */; };
		7C18F7EE287AF98700362F9B /* ManageNotificationViewController.swift in Sources */ = {isa = PBXBuildFile; fileRef = 7C18F7ED287AF98700362F9B /* ManageNotificationViewController.swift */; };
		7C2CE87F29783EC5007E5A54 /* PopularCollectionViewCell.swift in Sources */ = {isa = PBXBuildFile; fileRef = 7C2CE87E29783EC5007E5A54 /* PopularCollectionViewCell.swift */; };
		7C2CE881297846A8007E5A54 /* TemaCollectionViewCell.swift in Sources */ = {isa = PBXBuildFile; fileRef = 7C2CE880297846A8007E5A54 /* TemaCollectionViewCell.swift */; };
		7C2CE8832978E5F3007E5A54 /* NaverResponse.swift in Sources */ = {isa = PBXBuildFile; fileRef = 7C2CE8822978E5F3007E5A54 /* NaverResponse.swift */; };
		7C2CE8852978F569007E5A54 /* WriteNickNameViewController.swift in Sources */ = {isa = PBXBuildFile; fileRef = 7C2CE8842978F569007E5A54 /* WriteNickNameViewController.swift */; };
		7C2CE8872978F583007E5A54 /* WriteEmailViewController.swift in Sources */ = {isa = PBXBuildFile; fileRef = 7C2CE8862978F583007E5A54 /* WriteEmailViewController.swift */; };
		7C2CE8892978F599007E5A54 /* WritePasswordViewController.swift in Sources */ = {isa = PBXBuildFile; fileRef = 7C2CE8882978F599007E5A54 /* WritePasswordViewController.swift */; };
		7C2CE88C2978F5F2007E5A54 /* WelcomeViewController.swift in Sources */ = {isa = PBXBuildFile; fileRef = 7C2CE88B2978F5F2007E5A54 /* WelcomeViewController.swift */; };
		7C2CE89329795ED9007E5A54 /* FindPasswordViewController.swift in Sources */ = {isa = PBXBuildFile; fileRef = 7C2CE89229795ED9007E5A54 /* FindPasswordViewController.swift */; };
		7C2CE899297C1C1D007E5A54 /* CustomLoadingView.swift in Sources */ = {isa = PBXBuildFile; fileRef = 7C2CE898297C1C1D007E5A54 /* CustomLoadingView.swift */; };
		7C2CE89B297D0167007E5A54 /* CustomAlert.swift in Sources */ = {isa = PBXBuildFile; fileRef = 7C2CE89A297D0167007E5A54 /* CustomAlert.swift */; };
		7C2CE89D297D0EBD007E5A54 /* SideMenuNavigation.swift in Sources */ = {isa = PBXBuildFile; fileRef = 7C2CE89C297D0EBD007E5A54 /* SideMenuNavigation.swift */; };
		7C2CE8A0297D1670007E5A54 /* SideMenuViewController.swift in Sources */ = {isa = PBXBuildFile; fileRef = 7C2CE89F297D1670007E5A54 /* SideMenuViewController.swift */; };
		7C2CE8A2297D6BB5007E5A54 /* SideMenuTableViewCell.swift in Sources */ = {isa = PBXBuildFile; fileRef = 7C2CE8A1297D6BB5007E5A54 /* SideMenuTableViewCell.swift */; };
		7C2CE8A6297D9AB9007E5A54 /* FeedBackViewController.swift in Sources */ = {isa = PBXBuildFile; fileRef = 7C2CE8A5297D9AB9007E5A54 /* FeedBackViewController.swift */; };
		7C32EE3F29820E46007D6708 /* CategoryViewController.swift in Sources */ = {isa = PBXBuildFile; fileRef = 7C32EE3E29820E46007D6708 /* CategoryViewController.swift */; };
		7C37050028A1508D00D6BD83 /* PhotoCollectionViewCell.swift in Sources */ = {isa = PBXBuildFile; fileRef = 7C3704FF28A1508D00D6BD83 /* PhotoCollectionViewCell.swift */; };
		7C3F547329821C2B009DFD3A /* LevelViewController.swift in Sources */ = {isa = PBXBuildFile; fileRef = 7C3F547229821C2B009DFD3A /* LevelViewController.swift */; };
		7C3F547529822F0E009DFD3A /* WriteRecipeProcessViewController.swift in Sources */ = {isa = PBXBuildFile; fileRef = 7C3F547429822F0E009DFD3A /* WriteRecipeProcessViewController.swift */; };
		7C3F547B2982356A009DFD3A /* RecipeTableViewCell.swift in Sources */ = {isa = PBXBuildFile; fileRef = 7C3F547A2982356A009DFD3A /* RecipeTableViewCell.swift */; };
		7C3F54A52982523F009DFD3A /* DalseoDarling.otf in Resources */ = {isa = PBXBuildFile; fileRef = 7C3F54A22982523F009DFD3A /* DalseoDarling.otf */; };
		7C3F54A62982523F009DFD3A /* DalseoHealingBold.otf in Resources */ = {isa = PBXBuildFile; fileRef = 7C3F54A32982523F009DFD3A /* DalseoHealingBold.otf */; };
		7C3F54A72982523F009DFD3A /* DalseoHealingMedium.otf in Resources */ = {isa = PBXBuildFile; fileRef = 7C3F54A42982523F009DFD3A /* DalseoHealingMedium.otf */; };
		7C3F54A92982546E009DFD3A /* FontKeyWord.swift in Sources */ = {isa = PBXBuildFile; fileRef = 7C3F54A82982546E009DFD3A /* FontKeyWord.swift */; };
		7C3F54AB2982B48D009DFD3A /* cooking.json in Resources */ = {isa = PBXBuildFile; fileRef = 7C3F54AA2982B48D009DFD3A /* cooking.json */; };
		7C3F54AD2982DF22009DFD3A /* CategoryCollectionViewCell.swift in Sources */ = {isa = PBXBuildFile; fileRef = 7C3F54AC2982DF22009DFD3A /* CategoryCollectionViewCell.swift */; };
		7C3F54AF2983B5C5009DFD3A /* WriteTitleAndIngredientViewController.swift in Sources */ = {isa = PBXBuildFile; fileRef = 7C3F54AE2983B5C5009DFD3A /* WriteTitleAndIngredientViewController.swift */; };
		7C3F54B129850F15009DFD3A /* RecipeHeaderView.swift in Sources */ = {isa = PBXBuildFile; fileRef = 7C3F54B029850F15009DFD3A /* RecipeHeaderView.swift */; };
		7C43492328A605B200E92B97 /* SettingViewController.swift in Sources */ = {isa = PBXBuildFile; fileRef = 7C43492228A605B200E92B97 /* SettingViewController.swift */; };
		7C462D8528885BE000B61DAB /* GoogleService-Info.plist in Resources */ = {isa = PBXBuildFile; fileRef = 7C462D8428885BE000B61DAB /* GoogleService-Info.plist */; };
		7C51BCFD289BF0CE00EB35DE /* CommentsModel.swift in Sources */ = {isa = PBXBuildFile; fileRef = 7C51BCFC289BF0CE00EB35DE /* CommentsModel.swift */; };
		7C5285652998B08F00D097C6 /* CommentsViewController.swift in Sources */ = {isa = PBXBuildFile; fileRef = 7C5285642998B08F00D097C6 /* CommentsViewController.swift */; };
		7C5285672999BEE300D097C6 /* CommentsTableViewCell.swift in Sources */ = {isa = PBXBuildFile; fileRef = 7C5285662999BEE300D097C6 /* CommentsTableViewCell.swift */; };
		7C528AE428A547C3005D339F /* ManageNotificationModel.swift in Sources */ = {isa = PBXBuildFile; fileRef = 7C528AE328A547C3005D339F /* ManageNotificationModel.swift */; };
		7C556A2F2986CEC70068EE17 /* FinishViewController.swift in Sources */ = {isa = PBXBuildFile; fileRef = 7C556A2E2986CEC70068EE17 /* FinishViewController.swift */; };
		7C556A352987850B0068EE17 /* finish.json in Resources */ = {isa = PBXBuildFile; fileRef = 7C556A342987850B0068EE17 /* finish.json */; };
		7C556A39298787B70068EE17 /* chef.json in Resources */ = {isa = PBXBuildFile; fileRef = 7C556A38298787B70068EE17 /* chef.json */; };
		7C556A3E298A19B20068EE17 /* ShowRecipeViewController.swift in Sources */ = {isa = PBXBuildFile; fileRef = 7C556A3D298A19B20068EE17 /* ShowRecipeViewController.swift */; };
		7C556A40298A1D7B0068EE17 /* ShowRecipeTableViewCell.swift in Sources */ = {isa = PBXBuildFile; fileRef = 7C556A3F298A1D7B0068EE17 /* ShowRecipeTableViewCell.swift */; };
		7C556A42298A1D980068EE17 /* ShowRecipeHeaderView.swift in Sources */ = {isa = PBXBuildFile; fileRef = 7C556A41298A1D980068EE17 /* ShowRecipeHeaderView.swift */; };
		7C556A44298A1DCA0068EE17 /* ShowRecipeCollectionViewCell.swift in Sources */ = {isa = PBXBuildFile; fileRef = 7C556A43298A1DCA0068EE17 /* ShowRecipeCollectionViewCell.swift */; };
		7C556A46298A94260068EE17 /* prepare.json in Resources */ = {isa = PBXBuildFile; fileRef = 7C556A45298A94260068EE17 /* prepare.json */; };
		7C556A48298B7DB60068EE17 /* SelectedTimeViewController.swift in Sources */ = {isa = PBXBuildFile; fileRef = 7C556A47298B7DB60068EE17 /* SelectedTimeViewController.swift */; };
		7C556A4A298BD5B60068EE17 /* RecipleDataModel.swift in Sources */ = {isa = PBXBuildFile; fileRef = 7C556A49298BD5B60068EE17 /* RecipleDataModel.swift */; };
		7C556A4C298D44770068EE17 /* UIimageViewExtension.swift in Sources */ = {isa = PBXBuildFile; fileRef = 7C556A4B298D44770068EE17 /* UIimageViewExtension.swift */; };
		7C5AAD6628840BF0007643F9 /* NotificationTableViewCell.swift in Sources */ = {isa = PBXBuildFile; fileRef = 7C5AAD6528840BF0007643F9 /* NotificationTableViewCell.swift */; };
		7C5AAD6A28840CDA007643F9 /* SideMenuHeaderView.swift in Sources */ = {isa = PBXBuildFile; fileRef = 7C5AAD6928840CDA007643F9 /* SideMenuHeaderView.swift */; };
		7C5AAD6C28843BE0007643F9 /* ProfileViewController.swift in Sources */ = {isa = PBXBuildFile; fileRef = 7C5AAD6B28843BE0007643F9 /* ProfileViewController.swift */; };
		7C60B2E9287E8EF400EC88C6 /* Extension.swift in Sources */ = {isa = PBXBuildFile; fileRef = 7C60B2E8287E8EF400EC88C6 /* Extension.swift */; };
		7C60B2F12881AE4D00EC88C6 /* MyRecipeViewController.swift in Sources */ = {isa = PBXBuildFile; fileRef = 7C60B2F02881AE4D00EC88C6 /* MyRecipeViewController.swift */; };
		7C612547297E47AB00A63030 /* ToastMessage.swift in Sources */ = {isa = PBXBuildFile; fileRef = 7C612546297E47AB00A63030 /* ToastMessage.swift */; };
		7C61254C2980FD1900A63030 /* PhotoHeaderCollectionReusableView.swift in Sources */ = {isa = PBXBuildFile; fileRef = 7C61254B2980FD1900A63030 /* PhotoHeaderCollectionReusableView.swift */; };
		7C74DB562992303B00475E32 /* MyRecipeCollectionViewCell.swift in Sources */ = {isa = PBXBuildFile; fileRef = 7C74DB552992303B00475E32 /* MyRecipeCollectionViewCell.swift */; };
		7C74DB5829937EBF00475E32 /* MyRecipeHeaderCollectionReusableView.swift in Sources */ = {isa = PBXBuildFile; fileRef = 7C74DB5729937EBF00475E32 /* MyRecipeHeaderCollectionReusableView.swift */; };
		7C74DB5A2994CE1800475E32 /* RecipeViewController.swift in Sources */ = {isa = PBXBuildFile; fileRef = 7C74DB592994CE1800475E32 /* RecipeViewController.swift */; };
		7C74DB5D2994D34500475E32 /* DetailRecipeTableViewCell.swift in Sources */ = {isa = PBXBuildFile; fileRef = 7C74DB5C2994D34500475E32 /* DetailRecipeTableViewCell.swift */; };
		7C74DB5F2994D35B00475E32 /* DetailRecipeHeaderView.swift in Sources */ = {isa = PBXBuildFile; fileRef = 7C74DB5E2994D35B00475E32 /* DetailRecipeHeaderView.swift */; };
		7C74DB632997642400475E32 /* HeartClickedUsersViewController.swift in Sources */ = {isa = PBXBuildFile; fileRef = 7C74DB622997642400475E32 /* HeartClickedUsersViewController.swift */; };
		7C74DB652997A10200475E32 /* HeartClickedUserTableViewCell.swift in Sources */ = {isa = PBXBuildFile; fileRef = 7C74DB642997A10200475E32 /* HeartClickedUserTableViewCell.swift */; };
		7C8348DB299A4936001BEAEC /* ManageBlockUsersViewController.swift in Sources */ = {isa = PBXBuildFile; fileRef = 7C8348DA299A4936001BEAEC /* ManageBlockUsersViewController.swift */; };
		7C8348DD299B5375001BEAEC /* DataKeyWord.swift in Sources */ = {isa = PBXBuildFile; fileRef = 7C8348DC299B5375001BEAEC /* DataKeyWord.swift */; };
		7C8348DF299CB28B001BEAEC /* ModifyCommentViewController.swift in Sources */ = {isa = PBXBuildFile; fileRef = 7C8348DE299CB28B001BEAEC /* ModifyCommentViewController.swift */; };
		7C8348E1299CC123001BEAEC /* ChildCommentTableViewCell.swift in Sources */ = {isa = PBXBuildFile; fileRef = 7C8348E0299CC123001BEAEC /* ChildCommentTableViewCell.swift */; };
		7CC454F0299F6CFE00BB066E /* MFCategoryViewController.swift in Sources */ = {isa = PBXBuildFile; fileRef = 7CC454EF299F6CFE00BB066E /* MFCategoryViewController.swift */; };
		7CC454F2299F6D0E00BB066E /* MFLevelViewController.swift in Sources */ = {isa = PBXBuildFile; fileRef = 7CC454F1299F6D0E00BB066E /* MFLevelViewController.swift */; };
		7CC454F4299F6D3100BB066E /* MFTitleAndIngredientViewController.swift in Sources */ = {isa = PBXBuildFile; fileRef = 7CC454F3299F6D3100BB066E /* MFTitleAndIngredientViewController.swift */; };
		7CC454F6299F6D6300BB066E /* MFRecipeProcessViewController.swift in Sources */ = {isa = PBXBuildFile; fileRef = 7CC454F5299F6D6300BB066E /* MFRecipeProcessViewController.swift */; };
		860C48EECA8447CB095FE129 /* Pods_CookingProject.framework in Frameworks */ = {isa = PBXBuildFile; fileRef = 46C970EA6115BCAA08E0B0A1 /* Pods_CookingProject.framework */; };
/* End PBXBuildFile section */

/* Begin PBXFileReference section */
		46C970EA6115BCAA08E0B0A1 /* Pods_CookingProject.framework */ = {isa = PBXFileReference; explicitFileType = wrapper.framework; includeInIndex = 0; path = Pods_CookingProject.framework; sourceTree = BUILT_PRODUCTS_DIR; };
		7C024B2A2974F25800D25F9A /* SocialLoginViewController.swift */ = {isa = PBXFileReference; lastKnownFileType = sourcecode.swift; path = SocialLoginViewController.swift; sourceTree = "<group>"; };
		7C024B3029755F3500D25F9A /* CustomSplashViewController.swift */ = {isa = PBXFileReference; lastKnownFileType = sourcecode.swift; path = CustomSplashViewController.swift; sourceTree = "<group>"; };
		7C024B33297561E700D25F9A /* cookBook.json */ = {isa = PBXFileReference; fileEncoding = 4; lastKnownFileType = text.json; path = cookBook.json; sourceTree = "<group>"; };
		7C024B352975986100D25F9A /* CustomTabBarController.swift */ = {isa = PBXFileReference; lastKnownFileType = sourcecode.swift; path = CustomTabBarController.swift; sourceTree = "<group>"; };
		7C0E890428902F1300A781B5 /* UserModel.swift */ = {isa = PBXFileReference; lastKnownFileType = sourcecode.swift; path = UserModel.swift; sourceTree = "<group>"; };
		7C18F7CC287839EE00362F9B /* CookingProject.app */ = {isa = PBXFileReference; explicitFileType = wrapper.application; includeInIndex = 0; path = CookingProject.app; sourceTree = BUILT_PRODUCTS_DIR; };
		7C18F7CF287839EE00362F9B /* AppDelegate.swift */ = {isa = PBXFileReference; lastKnownFileType = sourcecode.swift; path = AppDelegate.swift; sourceTree = "<group>"; };
		7C18F7D1287839EE00362F9B /* SceneDelegate.swift */ = {isa = PBXFileReference; lastKnownFileType = sourcecode.swift; path = SceneDelegate.swift; sourceTree = "<group>"; };
		7C18F7D3287839EE00362F9B /* HomeViewController.swift */ = {isa = PBXFileReference; lastKnownFileType = sourcecode.swift; path = HomeViewController.swift; sourceTree = "<group>"; };
		7C18F7D6287839EE00362F9B /* Base */ = {isa = PBXFileReference; lastKnownFileType = file.storyboard; name = Base; path = Base.lproj/Main.storyboard; sourceTree = "<group>"; };
		7C18F7D8287839EE00362F9B /* Assets.xcassets */ = {isa = PBXFileReference; lastKnownFileType = folder.assetcatalog; path = Assets.xcassets; sourceTree = "<group>"; };
		7C18F7DB287839EE00362F9B /* Base */ = {isa = PBXFileReference; lastKnownFileType = file.storyboard; name = Base; path = Base.lproj/LaunchScreen.storyboard; sourceTree = "<group>"; };
		7C18F7DD287839EE00362F9B /* Info.plist */ = {isa = PBXFileReference; lastKnownFileType = text.plist.xml; path = Info.plist; sourceTree = "<group>"; };
		7C18F7ED287AF98700362F9B /* ManageNotificationViewController.swift */ = {isa = PBXFileReference; lastKnownFileType = sourcecode.swift; path = ManageNotificationViewController.swift; sourceTree = "<group>"; };
		7C2CE87E29783EC5007E5A54 /* PopularCollectionViewCell.swift */ = {isa = PBXFileReference; lastKnownFileType = sourcecode.swift; path = PopularCollectionViewCell.swift; sourceTree = "<group>"; };
		7C2CE880297846A8007E5A54 /* TemaCollectionViewCell.swift */ = {isa = PBXFileReference; lastKnownFileType = sourcecode.swift; path = TemaCollectionViewCell.swift; sourceTree = "<group>"; };
		7C2CE8822978E5F3007E5A54 /* NaverResponse.swift */ = {isa = PBXFileReference; lastKnownFileType = sourcecode.swift; path = NaverResponse.swift; sourceTree = "<group>"; };
		7C2CE8842978F569007E5A54 /* WriteNickNameViewController.swift */ = {isa = PBXFileReference; lastKnownFileType = sourcecode.swift; path = WriteNickNameViewController.swift; sourceTree = "<group>"; };
		7C2CE8862978F583007E5A54 /* WriteEmailViewController.swift */ = {isa = PBXFileReference; lastKnownFileType = sourcecode.swift; path = WriteEmailViewController.swift; sourceTree = "<group>"; };
		7C2CE8882978F599007E5A54 /* WritePasswordViewController.swift */ = {isa = PBXFileReference; lastKnownFileType = sourcecode.swift; path = WritePasswordViewController.swift; sourceTree = "<group>"; };
		7C2CE88B2978F5F2007E5A54 /* WelcomeViewController.swift */ = {isa = PBXFileReference; lastKnownFileType = sourcecode.swift; path = WelcomeViewController.swift; sourceTree = "<group>"; };
		7C2CE89229795ED9007E5A54 /* FindPasswordViewController.swift */ = {isa = PBXFileReference; lastKnownFileType = sourcecode.swift; path = FindPasswordViewController.swift; sourceTree = "<group>"; };
		7C2CE898297C1C1D007E5A54 /* CustomLoadingView.swift */ = {isa = PBXFileReference; lastKnownFileType = sourcecode.swift; path = CustomLoadingView.swift; sourceTree = "<group>"; };
		7C2CE89A297D0167007E5A54 /* CustomAlert.swift */ = {isa = PBXFileReference; lastKnownFileType = sourcecode.swift; path = CustomAlert.swift; sourceTree = "<group>"; };
		7C2CE89C297D0EBD007E5A54 /* SideMenuNavigation.swift */ = {isa = PBXFileReference; lastKnownFileType = sourcecode.swift; path = SideMenuNavigation.swift; sourceTree = "<group>"; };
		7C2CE89F297D1670007E5A54 /* SideMenuViewController.swift */ = {isa = PBXFileReference; lastKnownFileType = sourcecode.swift; path = SideMenuViewController.swift; sourceTree = "<group>"; };
		7C2CE8A1297D6BB5007E5A54 /* SideMenuTableViewCell.swift */ = {isa = PBXFileReference; lastKnownFileType = sourcecode.swift; path = SideMenuTableViewCell.swift; sourceTree = "<group>"; };
		7C2CE8A5297D9AB9007E5A54 /* FeedBackViewController.swift */ = {isa = PBXFileReference; lastKnownFileType = sourcecode.swift; path = FeedBackViewController.swift; sourceTree = "<group>"; };
		7C32EE3E29820E46007D6708 /* CategoryViewController.swift */ = {isa = PBXFileReference; lastKnownFileType = sourcecode.swift; path = CategoryViewController.swift; sourceTree = "<group>"; };
		7C3704FF28A1508D00D6BD83 /* PhotoCollectionViewCell.swift */ = {isa = PBXFileReference; lastKnownFileType = sourcecode.swift; path = PhotoCollectionViewCell.swift; sourceTree = "<group>"; };
		7C3F547229821C2B009DFD3A /* LevelViewController.swift */ = {isa = PBXFileReference; lastKnownFileType = sourcecode.swift; path = LevelViewController.swift; sourceTree = "<group>"; };
		7C3F547429822F0E009DFD3A /* WriteRecipeProcessViewController.swift */ = {isa = PBXFileReference; lastKnownFileType = sourcecode.swift; path = WriteRecipeProcessViewController.swift; sourceTree = "<group>"; };
		7C3F547A2982356A009DFD3A /* RecipeTableViewCell.swift */ = {isa = PBXFileReference; lastKnownFileType = sourcecode.swift; path = RecipeTableViewCell.swift; sourceTree = "<group>"; };
		7C3F54A22982523F009DFD3A /* DalseoDarling.otf */ = {isa = PBXFileReference; lastKnownFileType = file; path = DalseoDarling.otf; sourceTree = "<group>"; };
		7C3F54A32982523F009DFD3A /* DalseoHealingBold.otf */ = {isa = PBXFileReference; lastKnownFileType = file; path = DalseoHealingBold.otf; sourceTree = "<group>"; };
		7C3F54A42982523F009DFD3A /* DalseoHealingMedium.otf */ = {isa = PBXFileReference; lastKnownFileType = file; path = DalseoHealingMedium.otf; sourceTree = "<group>"; };
		7C3F54A82982546E009DFD3A /* FontKeyWord.swift */ = {isa = PBXFileReference; lastKnownFileType = sourcecode.swift; path = FontKeyWord.swift; sourceTree = "<group>"; };
		7C3F54AA2982B48D009DFD3A /* cooking.json */ = {isa = PBXFileReference; fileEncoding = 4; lastKnownFileType = text.json; path = cooking.json; sourceTree = "<group>"; };
		7C3F54AC2982DF22009DFD3A /* CategoryCollectionViewCell.swift */ = {isa = PBXFileReference; lastKnownFileType = sourcecode.swift; path = CategoryCollectionViewCell.swift; sourceTree = "<group>"; };
		7C3F54AE2983B5C5009DFD3A /* WriteTitleAndIngredientViewController.swift */ = {isa = PBXFileReference; lastKnownFileType = sourcecode.swift; path = WriteTitleAndIngredientViewController.swift; sourceTree = "<group>"; };
		7C3F54B029850F15009DFD3A /* RecipeHeaderView.swift */ = {isa = PBXFileReference; lastKnownFileType = sourcecode.swift; path = RecipeHeaderView.swift; sourceTree = "<group>"; };
		7C43492228A605B200E92B97 /* SettingViewController.swift */ = {isa = PBXFileReference; lastKnownFileType = sourcecode.swift; path = SettingViewController.swift; sourceTree = "<group>"; };
		7C462D8428885BE000B61DAB /* GoogleService-Info.plist */ = {isa = PBXFileReference; fileEncoding = 4; lastKnownFileType = text.plist.xml; path = "GoogleService-Info.plist"; sourceTree = "<group>"; };
		7C51BCFC289BF0CE00EB35DE /* CommentsModel.swift */ = {isa = PBXFileReference; lastKnownFileType = sourcecode.swift; path = CommentsModel.swift; sourceTree = "<group>"; };
		7C5285642998B08F00D097C6 /* CommentsViewController.swift */ = {isa = PBXFileReference; lastKnownFileType = sourcecode.swift; path = CommentsViewController.swift; sourceTree = "<group>"; };
		7C5285662999BEE300D097C6 /* CommentsTableViewCell.swift */ = {isa = PBXFileReference; lastKnownFileType = sourcecode.swift; path = CommentsTableViewCell.swift; sourceTree = "<group>"; };
		7C528AE328A547C3005D339F /* ManageNotificationModel.swift */ = {isa = PBXFileReference; lastKnownFileType = sourcecode.swift; path = ManageNotificationModel.swift; sourceTree = "<group>"; };
		7C556A2E2986CEC70068EE17 /* FinishViewController.swift */ = {isa = PBXFileReference; lastKnownFileType = sourcecode.swift; path = FinishViewController.swift; sourceTree = "<group>"; };
		7C556A342987850B0068EE17 /* finish.json */ = {isa = PBXFileReference; fileEncoding = 4; lastKnownFileType = text.json; path = finish.json; sourceTree = "<group>"; };
		7C556A38298787B70068EE17 /* chef.json */ = {isa = PBXFileReference; fileEncoding = 4; lastKnownFileType = text.json; path = chef.json; sourceTree = "<group>"; };
		7C556A3D298A19B20068EE17 /* ShowRecipeViewController.swift */ = {isa = PBXFileReference; lastKnownFileType = sourcecode.swift; path = ShowRecipeViewController.swift; sourceTree = "<group>"; };
		7C556A3F298A1D7B0068EE17 /* ShowRecipeTableViewCell.swift */ = {isa = PBXFileReference; lastKnownFileType = sourcecode.swift; path = ShowRecipeTableViewCell.swift; sourceTree = "<group>"; };
		7C556A41298A1D980068EE17 /* ShowRecipeHeaderView.swift */ = {isa = PBXFileReference; lastKnownFileType = sourcecode.swift; path = ShowRecipeHeaderView.swift; sourceTree = "<group>"; };
		7C556A43298A1DCA0068EE17 /* ShowRecipeCollectionViewCell.swift */ = {isa = PBXFileReference; lastKnownFileType = sourcecode.swift; path = ShowRecipeCollectionViewCell.swift; sourceTree = "<group>"; };
		7C556A45298A94260068EE17 /* prepare.json */ = {isa = PBXFileReference; fileEncoding = 4; lastKnownFileType = text.json; path = prepare.json; sourceTree = "<group>"; };
		7C556A47298B7DB60068EE17 /* SelectedTimeViewController.swift */ = {isa = PBXFileReference; lastKnownFileType = sourcecode.swift; path = SelectedTimeViewController.swift; sourceTree = "<group>"; };
		7C556A49298BD5B60068EE17 /* RecipleDataModel.swift */ = {isa = PBXFileReference; lastKnownFileType = sourcecode.swift; path = RecipleDataModel.swift; sourceTree = "<group>"; };
		7C556A4B298D44770068EE17 /* UIimageViewExtension.swift */ = {isa = PBXFileReference; lastKnownFileType = sourcecode.swift; path = UIimageViewExtension.swift; sourceTree = "<group>"; };
		7C5AAD6528840BF0007643F9 /* NotificationTableViewCell.swift */ = {isa = PBXFileReference; lastKnownFileType = sourcecode.swift; path = NotificationTableViewCell.swift; sourceTree = "<group>"; };
		7C5AAD6928840CDA007643F9 /* SideMenuHeaderView.swift */ = {isa = PBXFileReference; lastKnownFileType = sourcecode.swift; path = SideMenuHeaderView.swift; sourceTree = "<group>"; };
		7C5AAD6B28843BE0007643F9 /* ProfileViewController.swift */ = {isa = PBXFileReference; lastKnownFileType = sourcecode.swift; path = ProfileViewController.swift; sourceTree = "<group>"; };
		7C60B2E8287E8EF400EC88C6 /* Extension.swift */ = {isa = PBXFileReference; lastKnownFileType = sourcecode.swift; path = Extension.swift; sourceTree = "<group>"; };
		7C60B2F02881AE4D00EC88C6 /* MyRecipeViewController.swift */ = {isa = PBXFileReference; lastKnownFileType = sourcecode.swift; path = MyRecipeViewController.swift; sourceTree = "<group>"; };
		7C612546297E47AB00A63030 /* ToastMessage.swift */ = {isa = PBXFileReference; lastKnownFileType = sourcecode.swift; path = ToastMessage.swift; sourceTree = "<group>"; };
		7C61254B2980FD1900A63030 /* PhotoHeaderCollectionReusableView.swift */ = {isa = PBXFileReference; lastKnownFileType = sourcecode.swift; path = PhotoHeaderCollectionReusableView.swift; sourceTree = "<group>"; };
		7C6ECCEC28CC57F9007C2336 /* CookingProject.entitlements */ = {isa = PBXFileReference; lastKnownFileType = text.plist.entitlements; path = CookingProject.entitlements; sourceTree = "<group>"; };
		7C74DB552992303B00475E32 /* MyRecipeCollectionViewCell.swift */ = {isa = PBXFileReference; lastKnownFileType = sourcecode.swift; path = MyRecipeCollectionViewCell.swift; sourceTree = "<group>"; };
		7C74DB5729937EBF00475E32 /* MyRecipeHeaderCollectionReusableView.swift */ = {isa = PBXFileReference; lastKnownFileType = sourcecode.swift; path = MyRecipeHeaderCollectionReusableView.swift; sourceTree = "<group>"; };
		7C74DB592994CE1800475E32 /* RecipeViewController.swift */ = {isa = PBXFileReference; lastKnownFileType = sourcecode.swift; path = RecipeViewController.swift; sourceTree = "<group>"; };
		7C74DB5C2994D34500475E32 /* DetailRecipeTableViewCell.swift */ = {isa = PBXFileReference; lastKnownFileType = sourcecode.swift; path = DetailRecipeTableViewCell.swift; sourceTree = "<group>"; };
		7C74DB5E2994D35B00475E32 /* DetailRecipeHeaderView.swift */ = {isa = PBXFileReference; lastKnownFileType = sourcecode.swift; path = DetailRecipeHeaderView.swift; sourceTree = "<group>"; };
		7C74DB622997642400475E32 /* HeartClickedUsersViewController.swift */ = {isa = PBXFileReference; lastKnownFileType = sourcecode.swift; path = HeartClickedUsersViewController.swift; sourceTree = "<group>"; };
		7C74DB642997A10200475E32 /* HeartClickedUserTableViewCell.swift */ = {isa = PBXFileReference; lastKnownFileType = sourcecode.swift; path = HeartClickedUserTableViewCell.swift; sourceTree = "<group>"; };
		7C8348DA299A4936001BEAEC /* ManageBlockUsersViewController.swift */ = {isa = PBXFileReference; lastKnownFileType = sourcecode.swift; path = ManageBlockUsersViewController.swift; sourceTree = "<group>"; };
		7C8348DC299B5375001BEAEC /* DataKeyWord.swift */ = {isa = PBXFileReference; lastKnownFileType = sourcecode.swift; path = DataKeyWord.swift; sourceTree = "<group>"; };
		7C8348DE299CB28B001BEAEC /* ModifyCommentViewController.swift */ = {isa = PBXFileReference; lastKnownFileType = sourcecode.swift; path = ModifyCommentViewController.swift; sourceTree = "<group>"; };
		7C8348E0299CC123001BEAEC /* ChildCommentTableViewCell.swift */ = {isa = PBXFileReference; lastKnownFileType = sourcecode.swift; path = ChildCommentTableViewCell.swift; sourceTree = "<group>"; };
		7CC454EF299F6CFE00BB066E /* MFCategoryViewController.swift */ = {isa = PBXFileReference; lastKnownFileType = sourcecode.swift; path = MFCategoryViewController.swift; sourceTree = "<group>"; };
		7CC454F1299F6D0E00BB066E /* MFLevelViewController.swift */ = {isa = PBXFileReference; lastKnownFileType = sourcecode.swift; path = MFLevelViewController.swift; sourceTree = "<group>"; };
		7CC454F3299F6D3100BB066E /* MFTitleAndIngredientViewController.swift */ = {isa = PBXFileReference; lastKnownFileType = sourcecode.swift; path = MFTitleAndIngredientViewController.swift; sourceTree = "<group>"; };
		7CC454F5299F6D6300BB066E /* MFRecipeProcessViewController.swift */ = {isa = PBXFileReference; lastKnownFileType = sourcecode.swift; path = MFRecipeProcessViewController.swift; sourceTree = "<group>"; };
		D5CBEDE846B669DCC4AAED84 /* Pods-CookingProject.debug.xcconfig */ = {isa = PBXFileReference; includeInIndex = 1; lastKnownFileType = text.xcconfig; name = "Pods-CookingProject.debug.xcconfig"; path = "Target Support Files/Pods-CookingProject/Pods-CookingProject.debug.xcconfig"; sourceTree = "<group>"; };
		DA9178EF6201C7611885F706 /* Pods-CookingProject.release.xcconfig */ = {isa = PBXFileReference; includeInIndex = 1; lastKnownFileType = text.xcconfig; name = "Pods-CookingProject.release.xcconfig"; path = "Target Support Files/Pods-CookingProject/Pods-CookingProject.release.xcconfig"; sourceTree = "<group>"; };
/* End PBXFileReference section */

/* Begin PBXFrameworksBuildPhase section */
		7C18F7C9287839EE00362F9B /* Frameworks */ = {
			isa = PBXFrameworksBuildPhase;
			buildActionMask = 2147483647;
			files = (
				860C48EECA8447CB095FE129 /* Pods_CookingProject.framework in Frameworks */,
			);
			runOnlyForDeploymentPostprocessing = 0;
		};
/* End PBXFrameworksBuildPhase section */

/* Begin PBXGroup section */
		7C024B32297561CF00D25F9A /* Lottie */ = {
			isa = PBXGroup;
			children = (
				7C556A45298A94260068EE17 /* prepare.json */,
				7C556A38298787B70068EE17 /* chef.json */,
				7C556A342987850B0068EE17 /* finish.json */,
				7C3F54AA2982B48D009DFD3A /* cooking.json */,
				7C024B33297561E700D25F9A /* cookBook.json */,
			);
			path = Lottie;
			sourceTree = "<group>";
		};
		7C0E890328902EF900A781B5 /* Model */ = {
			isa = PBXGroup;
			children = (
				7C556A49298BD5B60068EE17 /* RecipleDataModel.swift */,
				7C0E890428902F1300A781B5 /* UserModel.swift */,
				7C51BCFC289BF0CE00EB35DE /* CommentsModel.swift */,
				7C528AE328A547C3005D339F /* ManageNotificationModel.swift */,
				7C2CE8822978E5F3007E5A54 /* NaverResponse.swift */,
			);
			name = Model;
			path = Onboarding/Model;
			sourceTree = "<group>";
		};
		7C18F7C3287839ED00362F9B = {
			isa = PBXGroup;
			children = (
				7C18F7CE287839EE00362F9B /* CookingProject */,
				7C18F7CD287839EE00362F9B /* Products */,
				9478A5A1C516488B0671E66B /* Pods */,
				F052862E3C45F3937D6EF4F3 /* Frameworks */,
			);
			sourceTree = "<group>";
		};
		7C18F7CD287839EE00362F9B /* Products */ = {
			isa = PBXGroup;
			children = (
				7C18F7CC287839EE00362F9B /* CookingProject.app */,
			);
			name = Products;
			sourceTree = "<group>";
		};
		7C18F7CE287839EE00362F9B /* CookingProject */ = {
			isa = PBXGroup;
			children = (
				7C6ECCEC28CC57F9007C2336 /* CookingProject.entitlements */,
				7C18F7CF287839EE00362F9B /* AppDelegate.swift */,
				7C18F7D1287839EE00362F9B /* SceneDelegate.swift */,
				7C462D8428885BE000B61DAB /* GoogleService-Info.plist */,
				7C2CE88D2978F96C007E5A54 /* Static */,
				7C60B2E7287E8ED700EC88C6 /* extension */,
				7C0E890328902EF900A781B5 /* Model */,
				7C2CE8A4297D9804007E5A54 /* AboutSplashView */,
				7C2CE89E297D0EC5007E5A54 /* TapBar */,
				7C18F7F1287C782C00362F9B /* AboutHomeView */,
				7C2B7DF829A5CC44009FC947 /* AboutNotificationView */,
				7C556A3C298A197F0068EE17 /* AboutShowRecipe */,
				7C74DB5B2994D15E00475E32 /* AboutRecipeDetail */,
				7CC454EE299F6CCF00BB066E /* AboutModifiedRecipeView */,
				7C6125482980EFFF00A63030 /* AboutWritedRecipeView */,
				7C2CE8A3297D963D007E5A54 /* AboutSideMenu */,
				7C2CE88A2978F5BD007E5A54 /* AboutLoginAndRegister */,
				7C68DFF9288A9AF7001BE18D /* font */,
				7C024B32297561CF00D25F9A /* Lottie */,
				7C18F7D5287839EE00362F9B /* Main.storyboard */,
				7C18F7D8287839EE00362F9B /* Assets.xcassets */,
				7C18F7DA287839EE00362F9B /* LaunchScreen.storyboard */,
				7C18F7DD287839EE00362F9B /* Info.plist */,
			);
			path = CookingProject;
			sourceTree = "<group>";
		};
		7C18F7F1287C782C00362F9B /* AboutHomeView */ = {
			isa = PBXGroup;
			children = (
				7C18F7D3287839EE00362F9B /* HomeViewController.swift */,
				7C2CE87E29783EC5007E5A54 /* PopularCollectionViewCell.swift */,
				7C2CE880297846A8007E5A54 /* TemaCollectionViewCell.swift */,
			);
			path = AboutHomeView;
			sourceTree = "<group>";
		};
		7C2B7DF829A5CC44009FC947 /* AboutNotificationView */ = {
			isa = PBXGroup;
			children = (
				7C18F7ED287AF98700362F9B /* ManageNotificationViewController.swift */,
				7C5AAD6528840BF0007643F9 /* NotificationTableViewCell.swift */,
			);
			path = AboutNotificationView;
			sourceTree = "<group>";
		};
		7C2CE88A2978F5BD007E5A54 /* AboutLoginAndRegister */ = {
			isa = PBXGroup;
			children = (
				7C024B2A2974F25800D25F9A /* SocialLoginViewController.swift */,
				7C2CE89229795ED9007E5A54 /* FindPasswordViewController.swift */,
				7C2CE8842978F569007E5A54 /* WriteNickNameViewController.swift */,
				7C2CE8862978F583007E5A54 /* WriteEmailViewController.swift */,
				7C2CE8882978F599007E5A54 /* WritePasswordViewController.swift */,
				7C2CE88B2978F5F2007E5A54 /* WelcomeViewController.swift */,
			);
			path = AboutLoginAndRegister;
			sourceTree = "<group>";
		};
		7C2CE88D2978F96C007E5A54 /* Static */ = {
			isa = PBXGroup;
			children = (
				7C2CE898297C1C1D007E5A54 /* CustomLoadingView.swift */,
				7C2CE89A297D0167007E5A54 /* CustomAlert.swift */,
				7C612546297E47AB00A63030 /* ToastMessage.swift */,
				7C3F54A82982546E009DFD3A /* FontKeyWord.swift */,
				7C8348DC299B5375001BEAEC /* DataKeyWord.swift */,
			);
			path = Static;
			sourceTree = "<group>";
		};
		7C2CE89E297D0EC5007E5A54 /* TapBar */ = {
			isa = PBXGroup;
			children = (
				7C024B352975986100D25F9A /* CustomTabBarController.swift */,
			);
			path = TapBar;
			sourceTree = "<group>";
		};
		7C2CE8A3297D963D007E5A54 /* AboutSideMenu */ = {
			isa = PBXGroup;
			children = (
				7C2CE89C297D0EBD007E5A54 /* SideMenuNavigation.swift */,
				7C2CE89F297D1670007E5A54 /* SideMenuViewController.swift */,
				7C2CE8A1297D6BB5007E5A54 /* SideMenuTableViewCell.swift */,
				7C5AAD6928840CDA007643F9 /* SideMenuHeaderView.swift */,
				7C60B2F02881AE4D00EC88C6 /* MyRecipeViewController.swift */,
				7C74DB552992303B00475E32 /* MyRecipeCollectionViewCell.swift */,
				7C74DB5729937EBF00475E32 /* MyRecipeHeaderCollectionReusableView.swift */,
				7C5AAD6B28843BE0007643F9 /* ProfileViewController.swift */,
				7C8348DA299A4936001BEAEC /* ManageBlockUsersViewController.swift */,
				7C43492228A605B200E92B97 /* SettingViewController.swift */,
				7C2CE8A5297D9AB9007E5A54 /* FeedBackViewController.swift */,
			);
			path = AboutSideMenu;
			sourceTree = "<group>";
		};
		7C2CE8A4297D9804007E5A54 /* AboutSplashView */ = {
			isa = PBXGroup;
			children = (
				7C024B3029755F3500D25F9A /* CustomSplashViewController.swift */,
			);
			path = AboutSplashView;
			sourceTree = "<group>";
		};
		7C556A3C298A197F0068EE17 /* AboutShowRecipe */ = {
			isa = PBXGroup;
			children = (
				7C556A3D298A19B20068EE17 /* ShowRecipeViewController.swift */,
				7C556A3F298A1D7B0068EE17 /* ShowRecipeTableViewCell.swift */,
				7C556A41298A1D980068EE17 /* ShowRecipeHeaderView.swift */,
				7C556A43298A1DCA0068EE17 /* ShowRecipeCollectionViewCell.swift */,
			);
			path = AboutShowRecipe;
			sourceTree = "<group>";
		};
		7C60B2E7287E8ED700EC88C6 /* extension */ = {
			isa = PBXGroup;
			children = (
				7C60B2E8287E8EF400EC88C6 /* Extension.swift */,
				7C556A4B298D44770068EE17 /* UIimageViewExtension.swift */,
			);
			path = extension;
			sourceTree = "<group>";
		};
		7C6125482980EFFF00A63030 /* AboutWritedRecipeView */ = {
			isa = PBXGroup;
			children = (
				7C32EE3E29820E46007D6708 /* CategoryViewController.swift */,
				7C3F54AC2982DF22009DFD3A /* CategoryCollectionViewCell.swift */,
				7C3F547229821C2B009DFD3A /* LevelViewController.swift */,
				7C556A47298B7DB60068EE17 /* SelectedTimeViewController.swift */,
				7C3F54AE2983B5C5009DFD3A /* WriteTitleAndIngredientViewController.swift */,
				7C3F547429822F0E009DFD3A /* WriteRecipeProcessViewController.swift */,
				7C3F547A2982356A009DFD3A /* RecipeTableViewCell.swift */,
				7C3F54B029850F15009DFD3A /* RecipeHeaderView.swift */,
				7C3704FF28A1508D00D6BD83 /* PhotoCollectionViewCell.swift */,
				7C61254B2980FD1900A63030 /* PhotoHeaderCollectionReusableView.swift */,
				7C556A2E2986CEC70068EE17 /* FinishViewController.swift */,
			);
			path = AboutWritedRecipeView;
			sourceTree = "<group>";
		};
		7C68DFF9288A9AF7001BE18D /* font */ = {
			isa = PBXGroup;
			children = (
				7C3F54A22982523F009DFD3A /* DalseoDarling.otf */,
				7C3F54A32982523F009DFD3A /* DalseoHealingBold.otf */,
				7C3F54A42982523F009DFD3A /* DalseoHealingMedium.otf */,
			);
			path = font;
			sourceTree = "<group>";
		};
		7C74DB5B2994D15E00475E32 /* AboutRecipeDetail */ = {
			isa = PBXGroup;
			children = (
				7C74DB592994CE1800475E32 /* RecipeViewController.swift */,
				7C74DB5C2994D34500475E32 /* DetailRecipeTableViewCell.swift */,
				7C74DB5E2994D35B00475E32 /* DetailRecipeHeaderView.swift */,
				7C74DB622997642400475E32 /* HeartClickedUsersViewController.swift */,
				7C74DB642997A10200475E32 /* HeartClickedUserTableViewCell.swift */,
				7C5285642998B08F00D097C6 /* CommentsViewController.swift */,
				7C5285662999BEE300D097C6 /* CommentsTableViewCell.swift */,
				7C8348E0299CC123001BEAEC /* ChildCommentTableViewCell.swift */,
				7C8348DE299CB28B001BEAEC /* ModifyCommentViewController.swift */,
			);
			path = AboutRecipeDetail;
			sourceTree = "<group>";
		};
		7CC454EE299F6CCF00BB066E /* AboutModifiedRecipeView */ = {
			isa = PBXGroup;
			children = (
				7CC454EF299F6CFE00BB066E /* MFCategoryViewController.swift */,
				7CC454F1299F6D0E00BB066E /* MFLevelViewController.swift */,
				7CC454F3299F6D3100BB066E /* MFTitleAndIngredientViewController.swift */,
				7CC454F5299F6D6300BB066E /* MFRecipeProcessViewController.swift */,
			);
			path = AboutModifiedRecipeView;
			sourceTree = "<group>";
		};
		9478A5A1C516488B0671E66B /* Pods */ = {
			isa = PBXGroup;
			children = (
				D5CBEDE846B669DCC4AAED84 /* Pods-CookingProject.debug.xcconfig */,
				DA9178EF6201C7611885F706 /* Pods-CookingProject.release.xcconfig */,
			);
			path = Pods;
			sourceTree = "<group>";
		};
		F052862E3C45F3937D6EF4F3 /* Frameworks */ = {
			isa = PBXGroup;
			children = (
				46C970EA6115BCAA08E0B0A1 /* Pods_CookingProject.framework */,
			);
			name = Frameworks;
			sourceTree = "<group>";
		};
/* End PBXGroup section */

/* Begin PBXNativeTarget section */
		7C18F7CB287839EE00362F9B /* CookingProject */ = {
			isa = PBXNativeTarget;
			buildConfigurationList = 7C18F7E0287839EE00362F9B /* Build configuration list for PBXNativeTarget "CookingProject" */;
			buildPhases = (
				40EC8C93757BE41C41372349 /* [CP] Check Pods Manifest.lock */,
				7C18F7C8287839EE00362F9B /* Sources */,
				7C18F7C9287839EE00362F9B /* Frameworks */,
				7C18F7CA287839EE00362F9B /* Resources */,
				B552522F054C6120BB01FC68 /* [CP] Embed Pods Frameworks */,
			);
			buildRules = (
			);
			dependencies = (
			);
			name = CookingProject;
			productName = CookingProject;
			productReference = 7C18F7CC287839EE00362F9B /* CookingProject.app */;
			productType = "com.apple.product-type.application";
		};
/* End PBXNativeTarget section */

/* Begin PBXProject section */
		7C18F7C4287839ED00362F9B /* Project object */ = {
			isa = PBXProject;
			attributes = {
				BuildIndependentTargetsInParallel = 1;
				LastSwiftUpdateCheck = 1320;
				LastUpgradeCheck = 1320;
				TargetAttributes = {
					7C18F7CB287839EE00362F9B = {
						CreatedOnToolsVersion = 13.2.1;
					};
				};
			};
			buildConfigurationList = 7C18F7C7287839ED00362F9B /* Build configuration list for PBXProject "CookingProject" */;
			compatibilityVersion = "Xcode 13.0";
			developmentRegion = en;
			hasScannedForEncodings = 0;
			knownRegions = (
				en,
				Base,
			);
			mainGroup = 7C18F7C3287839ED00362F9B;
			productRefGroup = 7C18F7CD287839EE00362F9B /* Products */;
			projectDirPath = "";
			projectRoot = "";
			targets = (
				7C18F7CB287839EE00362F9B /* CookingProject */,
			);
		};
/* End PBXProject section */

/* Begin PBXResourcesBuildPhase section */
		7C18F7CA287839EE00362F9B /* Resources */ = {
			isa = PBXResourcesBuildPhase;
			buildActionMask = 2147483647;
			files = (
				7C18F7DC287839EE00362F9B /* LaunchScreen.storyboard in Resources */,
				7C3F54A72982523F009DFD3A /* DalseoHealingMedium.otf in Resources */,
				7C3F54A62982523F009DFD3A /* DalseoHealingBold.otf in Resources */,
				7C3F54A52982523F009DFD3A /* DalseoDarling.otf in Resources */,
				7C556A39298787B70068EE17 /* chef.json in Resources */,
				7C462D8528885BE000B61DAB /* GoogleService-Info.plist in Resources */,
				7C18F7D9287839EE00362F9B /* Assets.xcassets in Resources */,
				7C556A46298A94260068EE17 /* prepare.json in Resources */,
				7C3F54AB2982B48D009DFD3A /* cooking.json in Resources */,
				7C556A352987850B0068EE17 /* finish.json in Resources */,
				7C18F7D7287839EE00362F9B /* Main.storyboard in Resources */,
				7C024B34297561E700D25F9A /* cookBook.json in Resources */,
			);
			runOnlyForDeploymentPostprocessing = 0;
		};
/* End PBXResourcesBuildPhase section */

/* Begin PBXShellScriptBuildPhase section */
		40EC8C93757BE41C41372349 /* [CP] Check Pods Manifest.lock */ = {
			isa = PBXShellScriptBuildPhase;
			buildActionMask = 2147483647;
			files = (
			);
			inputFileListPaths = (
			);
			inputPaths = (
				"${PODS_PODFILE_DIR_PATH}/Podfile.lock",
				"${PODS_ROOT}/Manifest.lock",
			);
			name = "[CP] Check Pods Manifest.lock";
			outputFileListPaths = (
			);
			outputPaths = (
				"$(DERIVED_FILE_DIR)/Pods-CookingProject-checkManifestLockResult.txt",
			);
			runOnlyForDeploymentPostprocessing = 0;
			shellPath = /bin/sh;
			shellScript = "diff \"${PODS_PODFILE_DIR_PATH}/Podfile.lock\" \"${PODS_ROOT}/Manifest.lock\" > /dev/null\nif [ $? != 0 ] ; then\n    # print error to STDERR\n    echo \"error: The sandbox is not in sync with the Podfile.lock. Run 'pod install' or update your CocoaPods installation.\" >&2\n    exit 1\nfi\n# This output is used by Xcode 'outputs' to avoid re-running this script phase.\necho \"SUCCESS\" > \"${SCRIPT_OUTPUT_FILE_0}\"\n";
			showEnvVarsInLog = 0;
		};
		B552522F054C6120BB01FC68 /* [CP] Embed Pods Frameworks */ = {
			isa = PBXShellScriptBuildPhase;
			buildActionMask = 2147483647;
			files = (
			);
			inputFileListPaths = (
				"${PODS_ROOT}/Target Support Files/Pods-CookingProject/Pods-CookingProject-frameworks-${CONFIGURATION}-input-files.xcfilelist",
			);
			name = "[CP] Embed Pods Frameworks";
			outputFileListPaths = (
				"${PODS_ROOT}/Target Support Files/Pods-CookingProject/Pods-CookingProject-frameworks-${CONFIGURATION}-output-files.xcfilelist",
			);
			runOnlyForDeploymentPostprocessing = 0;
			shellPath = /bin/sh;
			shellScript = "\"${PODS_ROOT}/Target Support Files/Pods-CookingProject/Pods-CookingProject-frameworks.sh\"\n";
			showEnvVarsInLog = 0;
		};
/* End PBXShellScriptBuildPhase section */

/* Begin PBXSourcesBuildPhase section */
		7C18F7C8287839EE00362F9B /* Sources */ = {
			isa = PBXSourcesBuildPhase;
			buildActionMask = 2147483647;
			files = (
				7C3F54AD2982DF22009DFD3A /* CategoryCollectionViewCell.swift in Sources */,
				7CC454F4299F6D3100BB066E /* MFTitleAndIngredientViewController.swift in Sources */,
				7C5AAD6A28840CDA007643F9 /* SideMenuHeaderView.swift in Sources */,
				7C74DB5829937EBF00475E32 /* MyRecipeHeaderCollectionReusableView.swift in Sources */,
				7C2CE89D297D0EBD007E5A54 /* SideMenuNavigation.swift in Sources */,
				7C2CE8872978F583007E5A54 /* WriteEmailViewController.swift in Sources */,
				7C8348DF299CB28B001BEAEC /* ModifyCommentViewController.swift in Sources */,
				7C2CE87F29783EC5007E5A54 /* PopularCollectionViewCell.swift in Sources */,
				7C3F54A92982546E009DFD3A /* FontKeyWord.swift in Sources */,
				7C5285652998B08F00D097C6 /* CommentsViewController.swift in Sources */,
				7C2CE899297C1C1D007E5A54 /* CustomLoadingView.swift in Sources */,
				7C5AAD6C28843BE0007643F9 /* ProfileViewController.swift in Sources */,
				7C43492328A605B200E92B97 /* SettingViewController.swift in Sources */,
				7C2CE8892978F599007E5A54 /* WritePasswordViewController.swift in Sources */,
				7C3F547329821C2B009DFD3A /* LevelViewController.swift in Sources */,
				7C2CE88C2978F5F2007E5A54 /* WelcomeViewController.swift in Sources */,
				7C612547297E47AB00A63030 /* ToastMessage.swift in Sources */,
				7C74DB5F2994D35B00475E32 /* DetailRecipeHeaderView.swift in Sources */,
				7C18F7D4287839EE00362F9B /* HomeViewController.swift in Sources */,
				7C32EE3F29820E46007D6708 /* CategoryViewController.swift in Sources */,
				7C2CE89329795ED9007E5A54 /* FindPasswordViewController.swift in Sources */,
				7C2CE8852978F569007E5A54 /* WriteNickNameViewController.swift in Sources */,
				7C61254C2980FD1900A63030 /* PhotoHeaderCollectionReusableView.swift in Sources */,
				7C51BCFD289BF0CE00EB35DE /* CommentsModel.swift in Sources */,
				7CC454F2299F6D0E00BB066E /* MFLevelViewController.swift in Sources */,
				7C3F54B129850F15009DFD3A /* RecipeHeaderView.swift in Sources */,
				7C74DB562992303B00475E32 /* MyRecipeCollectionViewCell.swift in Sources */,
				7C556A4C298D44770068EE17 /* UIimageViewExtension.swift in Sources */,
				7C2CE881297846A8007E5A54 /* TemaCollectionViewCell.swift in Sources */,
				7C556A3E298A19B20068EE17 /* ShowRecipeViewController.swift in Sources */,
				7C024B2B2974F25800D25F9A /* SocialLoginViewController.swift in Sources */,
				7C18F7EE287AF98700362F9B /* ManageNotificationViewController.swift in Sources */,
				7C8348DB299A4936001BEAEC /* ManageBlockUsersViewController.swift in Sources */,
				7C3F547529822F0E009DFD3A /* WriteRecipeProcessViewController.swift in Sources */,
				7C74DB652997A10200475E32 /* HeartClickedUserTableViewCell.swift in Sources */,
				7C556A2F2986CEC70068EE17 /* FinishViewController.swift in Sources */,
				7C556A42298A1D980068EE17 /* ShowRecipeHeaderView.swift in Sources */,
				7C74DB5D2994D34500475E32 /* DetailRecipeTableViewCell.swift in Sources */,
				7C2CE8A2297D6BB5007E5A54 /* SideMenuTableViewCell.swift in Sources */,
				7C556A48298B7DB60068EE17 /* SelectedTimeViewController.swift in Sources */,
				7C2CE8A0297D1670007E5A54 /* SideMenuViewController.swift in Sources */,
				7C8348E1299CC123001BEAEC /* ChildCommentTableViewCell.swift in Sources */,
				7C74DB5A2994CE1800475E32 /* RecipeViewController.swift in Sources */,
				7C5285672999BEE300D097C6 /* CommentsTableViewCell.swift in Sources */,
				7C74DB632997642400475E32 /* HeartClickedUsersViewController.swift in Sources */,
				7C2CE89B297D0167007E5A54 /* CustomAlert.swift in Sources */,
				7C2CE8A6297D9AB9007E5A54 /* FeedBackViewController.swift in Sources */,
				7C024B362975986100D25F9A /* CustomTabBarController.swift in Sources */,
				7C18F7D0287839EE00362F9B /* AppDelegate.swift in Sources */,
				7C60B2E9287E8EF400EC88C6 /* Extension.swift in Sources */,
				7C2CE8832978E5F3007E5A54 /* NaverResponse.swift in Sources */,
				7C0E890528902F1300A781B5 /* UserModel.swift in Sources */,
				7C556A40298A1D7B0068EE17 /* ShowRecipeTableViewCell.swift in Sources */,
				7C60B2F12881AE4D00EC88C6 /* MyRecipeViewController.swift in Sources */,
				7CC454F0299F6CFE00BB066E /* MFCategoryViewController.swift in Sources */,
				7C18F7D2287839EE00362F9B /* SceneDelegate.swift in Sources */,
				7C024B3129755F3500D25F9A /* CustomSplashViewController.swift in Sources */,
				7C8348DD299B5375001BEAEC /* DataKeyWord.swift in Sources */,
				7C3F547B2982356A009DFD3A /* RecipeTableViewCell.swift in Sources */,
				7C3F54AF2983B5C5009DFD3A /* WriteTitleAndIngredientViewController.swift in Sources */,
				7C556A4A298BD5B60068EE17 /* RecipleDataModel.swift in Sources */,
				7CC454F6299F6D6300BB066E /* MFRecipeProcessViewController.swift in Sources */,
				7C556A44298A1DCA0068EE17 /* ShowRecipeCollectionViewCell.swift in Sources */,
				7C528AE428A547C3005D339F /* ManageNotificationModel.swift in Sources */,
				7C37050028A1508D00D6BD83 /* PhotoCollectionViewCell.swift in Sources */,
				7C5AAD6628840BF0007643F9 /* NotificationTableViewCell.swift in Sources */,
			);
			runOnlyForDeploymentPostprocessing = 0;
		};
/* End PBXSourcesBuildPhase section */

/* Begin PBXVariantGroup section */
		7C18F7D5287839EE00362F9B /* Main.storyboard */ = {
			isa = PBXVariantGroup;
			children = (
				7C18F7D6287839EE00362F9B /* Base */,
			);
			name = Main.storyboard;
			sourceTree = "<group>";
		};
		7C18F7DA287839EE00362F9B /* LaunchScreen.storyboard */ = {
			isa = PBXVariantGroup;
			children = (
				7C18F7DB287839EE00362F9B /* Base */,
			);
			name = LaunchScreen.storyboard;
			sourceTree = "<group>";
		};
/* End PBXVariantGroup section */

/* Begin XCBuildConfiguration section */
		7C18F7DE287839EE00362F9B /* Debug */ = {
			isa = XCBuildConfiguration;
			buildSettings = {
				ALWAYS_SEARCH_USER_PATHS = NO;
				CLANG_ANALYZER_NONNULL = YES;
				CLANG_ANALYZER_NUMBER_OBJECT_CONVERSION = YES_AGGRESSIVE;
				CLANG_CXX_LANGUAGE_STANDARD = "gnu++17";
				CLANG_CXX_LIBRARY = "libc++";
				CLANG_ENABLE_MODULES = YES;
				CLANG_ENABLE_OBJC_ARC = YES;
				CLANG_ENABLE_OBJC_WEAK = YES;
				CLANG_WARN_BLOCK_CAPTURE_AUTORELEASING = YES;
				CLANG_WARN_BOOL_CONVERSION = YES;
				CLANG_WARN_COMMA = YES;
				CLANG_WARN_CONSTANT_CONVERSION = YES;
				CLANG_WARN_DEPRECATED_OBJC_IMPLEMENTATIONS = YES;
				CLANG_WARN_DIRECT_OBJC_ISA_USAGE = YES_ERROR;
				CLANG_WARN_DOCUMENTATION_COMMENTS = YES;
				CLANG_WARN_EMPTY_BODY = YES;
				CLANG_WARN_ENUM_CONVERSION = YES;
				CLANG_WARN_INFINITE_RECURSION = YES;
				CLANG_WARN_INT_CONVERSION = YES;
				CLANG_WARN_NON_LITERAL_NULL_CONVERSION = YES;
				CLANG_WARN_OBJC_IMPLICIT_RETAIN_SELF = YES;
				CLANG_WARN_OBJC_LITERAL_CONVERSION = YES;
				CLANG_WARN_OBJC_ROOT_CLASS = YES_ERROR;
				CLANG_WARN_QUOTED_INCLUDE_IN_FRAMEWORK_HEADER = YES;
				CLANG_WARN_RANGE_LOOP_ANALYSIS = YES;
				CLANG_WARN_STRICT_PROTOTYPES = YES;
				CLANG_WARN_SUSPICIOUS_MOVE = YES;
				CLANG_WARN_UNGUARDED_AVAILABILITY = YES_AGGRESSIVE;
				CLANG_WARN_UNREACHABLE_CODE = YES;
				CLANG_WARN__DUPLICATE_METHOD_MATCH = YES;
				COPY_PHASE_STRIP = NO;
				DEBUG_INFORMATION_FORMAT = dwarf;
				ENABLE_STRICT_OBJC_MSGSEND = YES;
				ENABLE_TESTABILITY = YES;
				GCC_C_LANGUAGE_STANDARD = gnu11;
				GCC_DYNAMIC_NO_PIC = NO;
				GCC_NO_COMMON_BLOCKS = YES;
				GCC_OPTIMIZATION_LEVEL = 0;
				GCC_PREPROCESSOR_DEFINITIONS = (
					"DEBUG=1",
					"$(inherited)",
				);
				GCC_WARN_64_TO_32_BIT_CONVERSION = YES;
				GCC_WARN_ABOUT_RETURN_TYPE = YES_ERROR;
				GCC_WARN_UNDECLARED_SELECTOR = YES;
				GCC_WARN_UNINITIALIZED_AUTOS = YES_AGGRESSIVE;
				GCC_WARN_UNUSED_FUNCTION = YES;
				GCC_WARN_UNUSED_VARIABLE = YES;
				IPHONEOS_DEPLOYMENT_TARGET = 15.2;
				MTL_ENABLE_DEBUG_INFO = INCLUDE_SOURCE;
				MTL_FAST_MATH = YES;
				ONLY_ACTIVE_ARCH = YES;
				SDKROOT = iphoneos;
				SWIFT_ACTIVE_COMPILATION_CONDITIONS = DEBUG;
				SWIFT_OPTIMIZATION_LEVEL = "-Onone";
			};
			name = Debug;
		};
		7C18F7DF287839EE00362F9B /* Release */ = {
			isa = XCBuildConfiguration;
			buildSettings = {
				ALWAYS_SEARCH_USER_PATHS = NO;
				CLANG_ANALYZER_NONNULL = YES;
				CLANG_ANALYZER_NUMBER_OBJECT_CONVERSION = YES_AGGRESSIVE;
				CLANG_CXX_LANGUAGE_STANDARD = "gnu++17";
				CLANG_CXX_LIBRARY = "libc++";
				CLANG_ENABLE_MODULES = YES;
				CLANG_ENABLE_OBJC_ARC = YES;
				CLANG_ENABLE_OBJC_WEAK = YES;
				CLANG_WARN_BLOCK_CAPTURE_AUTORELEASING = YES;
				CLANG_WARN_BOOL_CONVERSION = YES;
				CLANG_WARN_COMMA = YES;
				CLANG_WARN_CONSTANT_CONVERSION = YES;
				CLANG_WARN_DEPRECATED_OBJC_IMPLEMENTATIONS = YES;
				CLANG_WARN_DIRECT_OBJC_ISA_USAGE = YES_ERROR;
				CLANG_WARN_DOCUMENTATION_COMMENTS = YES;
				CLANG_WARN_EMPTY_BODY = YES;
				CLANG_WARN_ENUM_CONVERSION = YES;
				CLANG_WARN_INFINITE_RECURSION = YES;
				CLANG_WARN_INT_CONVERSION = YES;
				CLANG_WARN_NON_LITERAL_NULL_CONVERSION = YES;
				CLANG_WARN_OBJC_IMPLICIT_RETAIN_SELF = YES;
				CLANG_WARN_OBJC_LITERAL_CONVERSION = YES;
				CLANG_WARN_OBJC_ROOT_CLASS = YES_ERROR;
				CLANG_WARN_QUOTED_INCLUDE_IN_FRAMEWORK_HEADER = YES;
				CLANG_WARN_RANGE_LOOP_ANALYSIS = YES;
				CLANG_WARN_STRICT_PROTOTYPES = YES;
				CLANG_WARN_SUSPICIOUS_MOVE = YES;
				CLANG_WARN_UNGUARDED_AVAILABILITY = YES_AGGRESSIVE;
				CLANG_WARN_UNREACHABLE_CODE = YES;
				CLANG_WARN__DUPLICATE_METHOD_MATCH = YES;
				COPY_PHASE_STRIP = NO;
				DEBUG_INFORMATION_FORMAT = "dwarf-with-dsym";
				ENABLE_NS_ASSERTIONS = NO;
				ENABLE_STRICT_OBJC_MSGSEND = YES;
				GCC_C_LANGUAGE_STANDARD = gnu11;
				GCC_NO_COMMON_BLOCKS = YES;
				GCC_WARN_64_TO_32_BIT_CONVERSION = YES;
				GCC_WARN_ABOUT_RETURN_TYPE = YES_ERROR;
				GCC_WARN_UNDECLARED_SELECTOR = YES;
				GCC_WARN_UNINITIALIZED_AUTOS = YES_AGGRESSIVE;
				GCC_WARN_UNUSED_FUNCTION = YES;
				GCC_WARN_UNUSED_VARIABLE = YES;
				IPHONEOS_DEPLOYMENT_TARGET = 15.2;
				MTL_ENABLE_DEBUG_INFO = NO;
				MTL_FAST_MATH = YES;
				SDKROOT = iphoneos;
				SWIFT_COMPILATION_MODE = wholemodule;
				SWIFT_OPTIMIZATION_LEVEL = "-O";
				VALIDATE_PRODUCT = YES;
			};
			name = Release;
		};
		7C18F7E1287839EE00362F9B /* Debug */ = {
			isa = XCBuildConfiguration;
			baseConfigurationReference = D5CBEDE846B669DCC4AAED84 /* Pods-CookingProject.debug.xcconfig */;
			buildSettings = {
				ASSETCATALOG_COMPILER_APPICON_NAME = AppIcon;
				ASSETCATALOG_COMPILER_GLOBAL_ACCENT_COLOR_NAME = AccentColor;
				CODE_SIGN_ENTITLEMENTS = CookingProject/CookingProject.entitlements;
				CODE_SIGN_IDENTITY = "Apple Development";
				CODE_SIGN_STYLE = Automatic;
				CURRENT_PROJECT_VERSION = 1;
				DEVELOPMENT_TEAM = MNAZDR4A9U;
				GENERATE_INFOPLIST_FILE = YES;
				INFOPLIST_FILE = CookingProject/Info.plist;
				INFOPLIST_KEY_CFBundleDisplayName = "요리도감";
				INFOPLIST_KEY_NSCameraUsageDescription = "요리사진을 추가하기위해서는 카메라 접근을 허용해야합니다.";
				INFOPLIST_KEY_NSPhotoLibraryUsageDescription = "요리레시피에 사진을 올리기 위해서 사용자의 갤러리에 접근할 수 있는 권한이 필요합니다. (허용된 사진은 모두 요리레시피를 위해서만 사용됩니다.)";
				INFOPLIST_KEY_UIApplicationSupportsIndirectInputEvents = YES;
				INFOPLIST_KEY_UILaunchStoryboardName = LaunchScreen;
				INFOPLIST_KEY_UIMainStoryboardFile = Main;
				INFOPLIST_KEY_UISupportedInterfaceOrientations_iPad = "UIInterfaceOrientationPortrait UIInterfaceOrientationPortraitUpsideDown UIInterfaceOrientationLandscapeLeft UIInterfaceOrientationLandscapeRight";
				INFOPLIST_KEY_UISupportedInterfaceOrientations_iPhone = "UIInterfaceOrientationPortrait UIInterfaceOrientationLandscapeLeft UIInterfaceOrientationLandscapeRight";
				INFOPLIST_KEY_UIUserInterfaceStyle = Light;
				IPHONEOS_DEPLOYMENT_TARGET = 15.0;
				LD_RUNPATH_SEARCH_PATHS = (
					"$(inherited)",
					"@executable_path/Frameworks",
				);
				MARKETING_VERSION = 2.0.0;
				PRODUCT_BUNDLE_IDENTIFIER = co.appbrewery.CookingProject;
				PRODUCT_NAME = "$(TARGET_NAME)";
				PROVISIONING_PROFILE_SPECIFIER = "";
				SWIFT_EMIT_LOC_STRINGS = YES;
				SWIFT_VERSION = 5.0;
				TARGETED_DEVICE_FAMILY = "1,2";
			};
			name = Debug;
		};
		7C18F7E2287839EE00362F9B /* Release */ = {
			isa = XCBuildConfiguration;
			baseConfigurationReference = DA9178EF6201C7611885F706 /* Pods-CookingProject.release.xcconfig */;
			buildSettings = {
				ASSETCATALOG_COMPILER_APPICON_NAME = AppIcon;
				ASSETCATALOG_COMPILER_GLOBAL_ACCENT_COLOR_NAME = AccentColor;
				CODE_SIGN_ENTITLEMENTS = CookingProject/CookingProject.entitlements;
				CODE_SIGN_IDENTITY = "Apple Development";
				CODE_SIGN_STYLE = Automatic;
				CURRENT_PROJECT_VERSION = 1;
				DEVELOPMENT_TEAM = MNAZDR4A9U;
				GENERATE_INFOPLIST_FILE = YES;
				INFOPLIST_FILE = CookingProject/Info.plist;
				INFOPLIST_KEY_CFBundleDisplayName = "요리도감";
				INFOPLIST_KEY_NSCameraUsageDescription = "요리사진을 추가하기위해서는 카메라 접근을 허용해야합니다.";
				INFOPLIST_KEY_NSPhotoLibraryUsageDescription = "요리레시피에 사진을 올리기 위해서 사용자의 갤러리에 접근할 수 있는 권한이 필요합니다. (허용된 사진은 모두 요리레시피를 위해서만 사용됩니다.)";
				INFOPLIST_KEY_UIApplicationSupportsIndirectInputEvents = YES;
				INFOPLIST_KEY_UILaunchStoryboardName = LaunchScreen;
				INFOPLIST_KEY_UIMainStoryboardFile = Main;
				INFOPLIST_KEY_UISupportedInterfaceOrientations_iPad = "UIInterfaceOrientationPortrait UIInterfaceOrientationPortraitUpsideDown UIInterfaceOrientationLandscapeLeft UIInterfaceOrientationLandscapeRight";
				INFOPLIST_KEY_UISupportedInterfaceOrientations_iPhone = "UIInterfaceOrientationPortrait UIInterfaceOrientationLandscapeLeft UIInterfaceOrientationLandscapeRight";
				INFOPLIST_KEY_UIUserInterfaceStyle = Light;
				IPHONEOS_DEPLOYMENT_TARGET = 15.0;
				LD_RUNPATH_SEARCH_PATHS = (
					"$(inherited)",
					"@executable_path/Frameworks",
				);
				MARKETING_VERSION = 2.0.0;
				PRODUCT_BUNDLE_IDENTIFIER = co.appbrewery.CookingProject;
				PRODUCT_NAME = "$(TARGET_NAME)";
				PROVISIONING_PROFILE_SPECIFIER = "";
				SWIFT_EMIT_LOC_STRINGS = YES;
				SWIFT_VERSION = 5.0;
				TARGETED_DEVICE_FAMILY = "1,2";
			};
			name = Release;
		};
/* End XCBuildConfiguration section */

/* Begin XCConfigurationList section */
		7C18F7C7287839ED00362F9B /* Build configuration list for PBXProject "CookingProject" */ = {
			isa = XCConfigurationList;
			buildConfigurations = (
				7C18F7DE287839EE00362F9B /* Debug */,
				7C18F7DF287839EE00362F9B /* Release */,
			);
			defaultConfigurationIsVisible = 0;
			defaultConfigurationName = Release;
		};
		7C18F7E0287839EE00362F9B /* Build configuration list for PBXNativeTarget "CookingProject" */ = {
			isa = XCConfigurationList;
			buildConfigurations = (
				7C18F7E1287839EE00362F9B /* Debug */,
				7C18F7E2287839EE00362F9B /* Release */,
			);
			defaultConfigurationIsVisible = 0;
			defaultConfigurationName = Release;
		};
/* End XCConfigurationList section */
	};
	rootObject = 7C18F7C4287839ED00362F9B /* Project object */;
}
